{
  "name": "bgit",
  "version": "1.0.0-rc.1",
  "lockfileVersion": 3,
  "requires": true,
  "packages": {
    "": {
      "name": "bgit",
      "version": "1.0.0-rc.1",
      "license": "MIT",
      "dependencies": {
        "@bsv/sdk": "^2.1.0"
      }
    },
    "node_modules/@bsv/sdk": {
      "version": "2.4.1",
      "resolved": "https://registry.npmjs.org/@bsv/sdk/-/sdk-2.4.1.tgz",
      "integrity": "sha512-iCsPJN3ESeV5ncg78lzkFKsJ6YFTIMN/6zLt7WPsL5iwzM5Rrg+/y+zjhFYcI7PFXhlXdqUehHefPLrxhljw8Q==",
      "license": "SEE LICENSE IN LICENSE.txt",
      "engines": {
        "node": ">=22"
      }
    }
  }
}
